
Microsoft Visual Studio Solution File, Format Version 12.00
# Visual Studio 15
VisualStudioVersion = 15.0.26124.0
MinimumVisualStudioVersion = 15.0.26124.0
Project("{FAE04EC0-301F-11D3-BF4B-00C04F79EFBC}") = "Console1", "Console1\Console1.csproj", "{D15EE9F0-6A01-40FB-A084-9B12E897ECDE}"
EndProject
Project("{FAE04EC0-301F-11D3-BF4B-00C04F79EFBC}") = "Site1", "Site1\Site1.csproj", "{AF7F55D7-73ED-452C-AB6A-A6B65863A31E}"
EndProject
Project("{FAE04EC0-301F-11D3-BF4B-00C04F79EFBC}") = "Swash1", "Swash1\Swash1.csproj", "{B09BF6B7-48A1-4192-8970-FC93D9DA75D9}"
EndProject
Global
	GlobalSection(SolutionConfigurationPlatforms) = preSolution
		Debug|Any CPU = Debug|Any CPU
		Debug|x64 = Debug|x64
		Debug|x86 = Debug|x86
		Release|Any CPU = Release|Any CPU
		Release|x64 = Release|x64
		Release|x86 = Release|x86
	EndGlobalSection
	GlobalSection(SolutionProperties) = preSolution
		HideSolutionNode = FALSE
	EndGlobalSection
	GlobalSection(ProjectConfigurationPlatforms) = postSolution
		{D15EE9F0-6A01-40FB-A084-9B12E897ECDE}.Debug|Any CPU.ActiveCfg = Debug|Any CPU
		{D15EE9F0-6A01-40FB-A084-9B12E897ECDE}.Debug|Any CPU.Build.0 = Debug|Any CPU
		{D15EE9F0-6A01-40FB-A084-9B12E897ECDE}.Debug|x64.ActiveCfg = Debug|Any CPU
		{D15EE9F0-6A01-40FB-A084-9B12E897ECDE}.Debug|x64.Build.0 = Debug|Any CPU
		{D15EE9F0-6A01-40FB-A084-9B12E897ECDE}.Debug|x86.ActiveCfg = Debug|Any CPU
		{D15EE9F0-6A01-40FB-A084-9B12E897ECDE}.Debug|x86.Build.0 = Debug|Any CPU
		{D15EE9F0-6A01-40FB-A084-9B12E897ECDE}.Release|Any CPU.ActiveCfg = Release|Any CPU
		{D15EE9F0-6A01-40FB-A084-9B12E897ECDE}.Release|Any CPU.Build.0 = Release|Any CPU
		{D15EE9F0-6A01-40FB-A084-9B12E897ECDE}.Release|x64.ActiveCfg = Release|Any CPU
		{D15EE9F0-6A01-40FB-A084-9B12E897ECDE}.Release|x64.Build.0 = Release|Any CPU
		{D15EE9F0-6A01-40FB-A084-9B12E897ECDE}.Release|x86.ActiveCfg = Release|Any CPU
		{D15EE9F0-6A01-40FB-A084-9B12E897ECDE}.Release|x86.Build.0 = Release|Any CPU
		{AF7F55D7-73ED-452C-AB6A-A6B65863A31E}.Debug|Any CPU.ActiveCfg = Debug|Any CPU
		{AF7F55D7-73ED-452C-AB6A-A6B65863A31E}.Debug|Any CPU.Build.0 = Debug|Any CPU
		{AF7F55D7-73ED-452C-AB6A-A6B65863A31E}.Debug|x64.ActiveCfg = Debug|Any CPU
		{AF7F55D7-73ED-452C-AB6A-A6B65863A31E}.Debug|x64.Build.0 = Debug|Any CPU
		{AF7F55D7-73ED-452C-AB6A-A6B65863A31E}.Debug|x86.ActiveCfg = Debug|Any CPU
		{AF7F55D7-73ED-452C-AB6A-A6B65863A31E}.Debug|x86.Build.0 = Debug|Any CPU
		{AF7F55D7-73ED-452C-AB6A-A6B65863A31E}.Release|Any CPU.ActiveCfg = Release|Any CPU
		{AF7F55D7-73ED-452C-AB6A-A6B65863A31E}.Release|Any CPU.Build.0 = Release|Any CPU
		{AF7F55D7-73ED-452C-AB6A-A6B65863A31E}.Release|x64.ActiveCfg = Release|Any CPU
		{AF7F55D7-73ED-452C-AB6A-A6B65863A31E}.Release|x64.Build.0 = Release|Any CPU
		{AF7F55D7-73ED-452C-AB6A-A6B65863A31E}.Release|x86.ActiveCfg = Release|Any CPU
		{AF7F55D7-73ED-452C-AB6A-A6B65863A31E}.Release|x86.Build.0 = Release|Any CPU
		{B09BF6B7-48A1-4192-8970-FC93D9DA75D9}.Debug|Any CPU.ActiveCfg = Debug|Any CPU
		{B09BF6B7-48A1-4192-8970-FC93D9DA75D9}.Debug|Any CPU.Build.0 = Debug|Any CPU
		{B09BF6B7-48A1-4192-8970-FC93D9DA75D9}.Debug|x64.ActiveCfg = Debug|Any CPU
		{B09BF6B7-48A1-4192-8970-FC93D9DA75D9}.Debug|x64.Build.0 = Debug|Any CPU
		{B09BF6B7-48A1-4192-8970-FC93D9DA75D9}.Debug|x86.ActiveCfg = Debug|Any CPU
		{B09BF6B7-48A1-4192-8970-FC93D9DA75D9}.Debug|x86.Build.0 = Debug|Any CPU
		{B09BF6B7-48A1-4192-8970-FC93D9DA75D9}.Release|Any CPU.ActiveCfg = Release|Any CPU
		{B09BF6B7-48A1-4192-8970-FC93D9DA75D9}.Release|Any CPU.Build.0 = Release|Any CPU
		{B09BF6B7-48A1-4192-8970-FC93D9DA75D9}.Release|x64.ActiveCfg = Release|Any CPU
		{B09BF6B7-48A1-4192-8970-FC93D9DA75D9}.Release|x64.Build.0 = Release|Any CPU
		{B09BF6B7-48A1-4192-8970-FC93D9DA75D9}.Release|x86.ActiveCfg = Release|Any CPU
		{B09BF6B7-48A1-4192-8970-FC93D9DA75D9}.Release|x86.Build.0 = Release|Any CPU
	EndGlobalSection
EndGlobal
