
Microsoft Visual Studio Solution File, Format Version 12.00
# Visual Studio 15
VisualStudioVersion = 15.0.26124.0
MinimumVisualStudioVersion = 15.0.26124.0
Project("{FAE04EC0-301F-11D3-BF4B-00C04F79EFBC}") = "Site3", "Site3\Site3.csproj", "{CA8E43BF-EE2E-4F86-B8AB-CED390EC2CC9}"
EndProject
Project("{FAE04EC0-301F-11D3-BF4B-00C04F79EFBC}") = "Console3", "Console3\Console3.csproj", "{01E4501F-9F60-46D3-803D-A0F4C9FB7891}"
EndProject
Project("{FAE04EC0-301F-11D3-BF4B-00C04F79EFBC}") = "Site4", "Site4\Site4.csproj", "{5957D1CF-1BE1-435B-B9F7-161FE7000AF0}"
EndProject
Project("{FAE04EC0-301F-11D3-BF4B-00C04F79EFBC}") = "Console4", "Console4\Console4.csproj", "{E69BDAAC-9B91-4D23-9132-F7C3947370B6}"
EndProject
Project("{FAE04EC0-301F-11D3-BF4B-00C04F79EFBC}") = "Site5", "Site5\Site5.csproj", "{217CCD43-DC0F-405D-8666-3CC3FE0E943E}"
EndProject
Project("{FAE04EC0-301F-11D3-BF4B-00C04F79EFBC}") = "Console5", "Console5\Console5.csproj", "{C72B1D61-D829-47AF-BC5C-E84BF1BC8DD9}"
EndProject
Global
	GlobalSection(SolutionConfigurationPlatforms) = preSolution
		Debug|Any CPU = Debug|Any CPU
		Debug|x64 = Debug|x64
		Debug|x86 = Debug|x86
		Release|Any CPU = Release|Any CPU
		Release|x64 = Release|x64
		Release|x86 = Release|x86
	EndGlobalSection
	GlobalSection(SolutionProperties) = preSolution
		HideSolutionNode = FALSE
	EndGlobalSection
	GlobalSection(ProjectConfigurationPlatforms) = postSolution
		{CA8E43BF-EE2E-4F86-B8AB-CED390EC2CC9}.Debug|Any CPU.ActiveCfg = Debug|Any CPU
		{CA8E43BF-EE2E-4F86-B8AB-CED390EC2CC9}.Debug|Any CPU.Build.0 = Debug|Any CPU
		{CA8E43BF-EE2E-4F86-B8AB-CED390EC2CC9}.Debug|x64.ActiveCfg = Debug|Any CPU
		{CA8E43BF-EE2E-4F86-B8AB-CED390EC2CC9}.Debug|x64.Build.0 = Debug|Any CPU
		{CA8E43BF-EE2E-4F86-B8AB-CED390EC2CC9}.Debug|x86.ActiveCfg = Debug|Any CPU
		{CA8E43BF-EE2E-4F86-B8AB-CED390EC2CC9}.Debug|x86.Build.0 = Debug|Any CPU
		{CA8E43BF-EE2E-4F86-B8AB-CED390EC2CC9}.Release|Any CPU.ActiveCfg = Release|Any CPU
		{CA8E43BF-EE2E-4F86-B8AB-CED390EC2CC9}.Release|Any CPU.Build.0 = Release|Any CPU
		{CA8E43BF-EE2E-4F86-B8AB-CED390EC2CC9}.Release|x64.ActiveCfg = Release|Any CPU
		{CA8E43BF-EE2E-4F86-B8AB-CED390EC2CC9}.Release|x64.Build.0 = Release|Any CPU
		{CA8E43BF-EE2E-4F86-B8AB-CED390EC2CC9}.Release|x86.ActiveCfg = Release|Any CPU
		{CA8E43BF-EE2E-4F86-B8AB-CED390EC2CC9}.Release|x86.Build.0 = Release|Any CPU
		{01E4501F-9F60-46D3-803D-A0F4C9FB7891}.Debug|Any CPU.ActiveCfg = Debug|Any CPU
		{01E4501F-9F60-46D3-803D-A0F4C9FB7891}.Debug|Any CPU.Build.0 = Debug|Any CPU
		{01E4501F-9F60-46D3-803D-A0F4C9FB7891}.Debug|x64.ActiveCfg = Debug|Any CPU
		{01E4501F-9F60-46D3-803D-A0F4C9FB7891}.Debug|x64.Build.0 = Debug|Any CPU
		{01E4501F-9F60-46D3-803D-A0F4C9FB7891}.Debug|x86.ActiveCfg = Debug|Any CPU
		{01E4501F-9F60-46D3-803D-A0F4C9FB7891}.Debug|x86.Build.0 = Debug|Any CPU
		{01E4501F-9F60-46D3-803D-A0F4C9FB7891}.Release|Any CPU.ActiveCfg = Release|Any CPU
		{01E4501F-9F60-46D3-803D-A0F4C9FB7891}.Release|Any CPU.Build.0 = Release|Any CPU
		{01E4501F-9F60-46D3-803D-A0F4C9FB7891}.Release|x64.ActiveCfg = Release|Any CPU
		{01E4501F-9F60-46D3-803D-A0F4C9FB7891}.Release|x64.Build.0 = Release|Any CPU
		{01E4501F-9F60-46D3-803D-A0F4C9FB7891}.Release|x86.ActiveCfg = Release|Any CPU
		{01E4501F-9F60-46D3-803D-A0F4C9FB7891}.Release|x86.Build.0 = Release|Any CPU
		{5957D1CF-1BE1-435B-B9F7-161FE7000AF0}.Debug|Any CPU.ActiveCfg = Debug|Any CPU
		{5957D1CF-1BE1-435B-B9F7-161FE7000AF0}.Debug|Any CPU.Build.0 = Debug|Any CPU
		{5957D1CF-1BE1-435B-B9F7-161FE7000AF0}.Debug|x64.ActiveCfg = Debug|Any CPU
		{5957D1CF-1BE1-435B-B9F7-161FE7000AF0}.Debug|x64.Build.0 = Debug|Any CPU
		{5957D1CF-1BE1-435B-B9F7-161FE7000AF0}.Debug|x86.ActiveCfg = Debug|Any CPU
		{5957D1CF-1BE1-435B-B9F7-161FE7000AF0}.Debug|x86.Build.0 = Debug|Any CPU
		{5957D1CF-1BE1-435B-B9F7-161FE7000AF0}.Release|Any CPU.ActiveCfg = Release|Any CPU
		{5957D1CF-1BE1-435B-B9F7-161FE7000AF0}.Release|Any CPU.Build.0 = Release|Any CPU
		{5957D1CF-1BE1-435B-B9F7-161FE7000AF0}.Release|x64.ActiveCfg = Release|Any CPU
		{5957D1CF-1BE1-435B-B9F7-161FE7000AF0}.Release|x64.Build.0 = Release|Any CPU
		{5957D1CF-1BE1-435B-B9F7-161FE7000AF0}.Release|x86.ActiveCfg = Release|Any CPU
		{5957D1CF-1BE1-435B-B9F7-161FE7000AF0}.Release|x86.Build.0 = Release|Any CPU
		{E69BDAAC-9B91-4D23-9132-F7C3947370B6}.Debug|Any CPU.ActiveCfg = Debug|Any CPU
		{E69BDAAC-9B91-4D23-9132-F7C3947370B6}.Debug|Any CPU.Build.0 = Debug|Any CPU
		{E69BDAAC-9B91-4D23-9132-F7C3947370B6}.Debug|x64.ActiveCfg = Debug|Any CPU
		{E69BDAAC-9B91-4D23-9132-F7C3947370B6}.Debug|x64.Build.0 = Debug|Any CPU
		{E69BDAAC-9B91-4D23-9132-F7C3947370B6}.Debug|x86.ActiveCfg = Debug|Any CPU
		{E69BDAAC-9B91-4D23-9132-F7C3947370B6}.Debug|x86.Build.0 = Debug|Any CPU
		{E69BDAAC-9B91-4D23-9132-F7C3947370B6}.Release|Any CPU.ActiveCfg = Release|Any CPU
		{E69BDAAC-9B91-4D23-9132-F7C3947370B6}.Release|Any CPU.Build.0 = Release|Any CPU
		{E69BDAAC-9B91-4D23-9132-F7C3947370B6}.Release|x64.ActiveCfg = Release|Any CPU
		{E69BDAAC-9B91-4D23-9132-F7C3947370B6}.Release|x64.Build.0 = Release|Any CPU
		{E69BDAAC-9B91-4D23-9132-F7C3947370B6}.Release|x86.ActiveCfg = Release|Any CPU
		{E69BDAAC-9B91-4D23-9132-F7C3947370B6}.Release|x86.Build.0 = Release|Any CPU
		{217CCD43-DC0F-405D-8666-3CC3FE0E943E}.Debug|Any CPU.ActiveCfg = Debug|Any CPU
		{217CCD43-DC0F-405D-8666-3CC3FE0E943E}.Debug|Any CPU.Build.0 = Debug|Any CPU
		{217CCD43-DC0F-405D-8666-3CC3FE0E943E}.Debug|x64.ActiveCfg = Debug|Any CPU
		{217CCD43-DC0F-405D-8666-3CC3FE0E943E}.Debug|x64.Build.0 = Debug|Any CPU
		{217CCD43-DC0F-405D-8666-3CC3FE0E943E}.Debug|x86.ActiveCfg = Debug|Any CPU
		{217CCD43-DC0F-405D-8666-3CC3FE0E943E}.Debug|x86.Build.0 = Debug|Any CPU
		{217CCD43-DC0F-405D-8666-3CC3FE0E943E}.Release|Any CPU.ActiveCfg = Release|Any CPU
		{217CCD43-DC0F-405D-8666-3CC3FE0E943E}.Release|Any CPU.Build.0 = Release|Any CPU
		{217CCD43-DC0F-405D-8666-3CC3FE0E943E}.Release|x64.ActiveCfg = Release|Any CPU
		{217CCD43-DC0F-405D-8666-3CC3FE0E943E}.Release|x64.Build.0 = Release|Any CPU
		{217CCD43-DC0F-405D-8666-3CC3FE0E943E}.Release|x86.ActiveCfg = Release|Any CPU
		{217CCD43-DC0F-405D-8666-3CC3FE0E943E}.Release|x86.Build.0 = Release|Any CPU
		{C72B1D61-D829-47AF-BC5C-E84BF1BC8DD9}.Debug|Any CPU.ActiveCfg = Debug|Any CPU
		{C72B1D61-D829-47AF-BC5C-E84BF1BC8DD9}.Debug|Any CPU.Build.0 = Debug|Any CPU
		{C72B1D61-D829-47AF-BC5C-E84BF1BC8DD9}.Debug|x64.ActiveCfg = Debug|Any CPU
		{C72B1D61-D829-47AF-BC5C-E84BF1BC8DD9}.Debug|x64.Build.0 = Debug|Any CPU
		{C72B1D61-D829-47AF-BC5C-E84BF1BC8DD9}.Debug|x86.ActiveCfg = Debug|Any CPU
		{C72B1D61-D829-47AF-BC5C-E84BF1BC8DD9}.Debug|x86.Build.0 = Debug|Any CPU
		{C72B1D61-D829-47AF-BC5C-E84BF1BC8DD9}.Release|Any CPU.ActiveCfg = Release|Any CPU
		{C72B1D61-D829-47AF-BC5C-E84BF1BC8DD9}.Release|Any CPU.Build.0 = Release|Any CPU
		{C72B1D61-D829-47AF-BC5C-E84BF1BC8DD9}.Release|x64.ActiveCfg = Release|Any CPU
		{C72B1D61-D829-47AF-BC5C-E84BF1BC8DD9}.Release|x64.Build.0 = Release|Any CPU
		{C72B1D61-D829-47AF-BC5C-E84BF1BC8DD9}.Release|x86.ActiveCfg = Release|Any CPU
		{C72B1D61-D829-47AF-BC5C-E84BF1BC8DD9}.Release|x86.Build.0 = Release|Any CPU
	EndGlobalSection
EndGlobal
